{
    "name": "vpm-list",
    "lockfileVersion": 3,
    "requires": true,
    "packages": {
        "": {
            "name": "vpm-list",
            "devDependencies": {
                "@types/bun": "latest",
                "vpm-listing-site-generator": "^1.3.2"
            },
            "peerDependencies": {
                "typescript": "^5"
            }
        },
        "node_modules/@commander-js/extra-typings": {
            "version": "13.1.0",
            "dev": true,
            "license": "MIT",
            "peerDependencies": {
                "commander": "~13.1.0"
            }
        },
        "node_modules/@octokit/app": {
            "version": "15.1.6",
            "dev": true,
            "license": "MIT",
            "dependencies": {
                "@octokit/auth-app": "^7.2.1",
                "@octokit/auth-unauthenticated": "^6.1.3",
                "@octokit/core": "^6.1.5",
                "@octokit/oauth-app": "^7.1.6",
                "@octokit/plugin-paginate-rest": "^12.0.0",
                "@octokit/types": "^14.0.0",
                "@octokit/webhooks": "^13.6.1"
            },
            "engines": {
                "node": ">= 18"
            }
        },
        "node_modules/@octokit/auth-app": {
            "version": "7.2.2",
            "dev": true,
            "license": "MIT",
            "dependencies": {
                "@octokit/auth-oauth-app": "^8.1.4",
                "@octokit/auth-oauth-user": "^5.1.4",
                "@octokit/request": "^9.2.3",
                "@octokit/request-error": "^6.1.8",
                "@octokit/types": "^14.0.0",
                "toad-cache": "^3.7.0",
                "universal-github-app-jwt": "^2.2.0",
                "universal-user-agent": "^7.0.0"
            },
            "engines": {
                "node": ">= 18"
            }
        },
        "node_modules/@octokit/auth-oauth-app": {
            "version": "8.1.4",
            "dev": true,
            "license": "MIT",
            "dependencies": {
                "@octokit/auth-oauth-device": "^7.1.5",
                "@octokit/auth-oauth-user": "^5.1.4",
                "@octokit/request": "^9.2.3",
                "@octokit/types": "^14.0.0",
                "universal-user-agent": "^7.0.0"
            },
            "engines": {
                "node": ">= 18"
            }
        },
        "node_modules/@octokit/auth-oauth-device": {
            "version": "7.1.5",
            "dev": true,
            "license": "MIT",
            "dependencies": {
                "@octokit/oauth-methods": "^5.1.5",
                "@octokit/request": "^9.2.3",
                "@octokit/types": "^14.0.0",
                "universal-user-agent": "^7.0.0"
            },
            "engines": {
                "node": ">= 18"
            }
        },
        "node_modules/@octokit/auth-oauth-user": {
            "version": "5.1.6",
            "dev": true,
            "license": "MIT",
            "dependencies": {
                "@octokit/auth-oauth-device": "^7.1.5",
                "@octokit/oauth-methods": "^5.1.5",
                "@octokit/request": "^9.2.3",
                "@octokit/types": "^14.0.0",
                "universal-user-agent": "^7.0.0"
            },
            "engines": {
                "node": ">= 18"
            }
        },
        "node_modules/@octokit/auth-token": {
            "version": "5.1.2",
            "dev": true,
            "license": "MIT",
            "engines": {
                "node": ">= 18"
            }
        },
        "node_modules/@octokit/auth-unauthenticated": {
            "version": "6.1.3",
            "dev": true,
            "license": "MIT",
            "dependencies": {
                "@octokit/request-error": "^6.1.8",
                "@octokit/types": "^14.0.0"
            },
            "engines": {
                "node": ">= 18"
            }
        },
        "node_modules/@octokit/core": {
            "version": "6.1.6",
            "dev": true,
            "license": "MIT",
            "dependencies": {
                "@octokit/auth-token": "^5.0.0",
                "@octokit/graphql": "^8.2.2",
                "@octokit/request": "^9.2.3",
                "@octokit/request-error": "^6.1.8",
                "@octokit/types": "^14.0.0",
                "before-after-hook": "^3.0.2",
                "universal-user-agent": "^7.0.0"
            },
            "engines": {
                "node": ">= 18"
            }
        },
        "node_modules/@octokit/endpoint": {
            "version": "10.1.4",
            "dev": true,
            "license": "MIT",
            "dependencies": {
                "@octokit/types": "^14.0.0",
                "universal-user-agent": "^7.0.2"
            },
            "engines": {
                "node": ">= 18"
            }
        },
        "node_modules/@octokit/graphql": {
            "version": "8.2.2",
            "dev": true,
            "license": "MIT",
            "dependencies": {
                "@octokit/request": "^9.2.3",
                "@octokit/types": "^14.0.0",
                "universal-user-agent": "^7.0.0"
            },
            "engines": {
                "node": ">= 18"
            }
        },
        "node_modules/@octokit/oauth-app": {
            "version": "7.1.6",
            "dev": true,
            "license": "MIT",
            "dependencies": {
                "@octokit/auth-oauth-app": "^8.1.3",
                "@octokit/auth-oauth-user": "^5.1.3",
                "@octokit/auth-unauthenticated": "^6.1.2",
                "@octokit/core": "^6.1.4",
                "@octokit/oauth-authorization-url": "^7.1.1",
                "@octokit/oauth-methods": "^5.1.4",
                "@types/aws-lambda": "^8.10.83",
                "universal-user-agent": "^7.0.0"
            },
            "engines": {
                "node": ">= 18"
            }
        },
        "node_modules/@octokit/oauth-authorization-url": {
            "version": "7.1.1",
            "dev": true,
            "license": "MIT",
            "engines": {
                "node": ">= 18"
            }
        },
        "node_modules/@octokit/oauth-methods": {
            "version": "5.1.5",
            "dev": true,
            "license": "MIT",
            "dependencies": {
                "@octokit/oauth-authorization-url": "^7.0.0",
                "@octokit/request": "^9.2.3",
                "@octokit/request-error": "^6.1.8",
                "@octokit/types": "^14.0.0"
            },
            "engines": {
                "node": ">= 18"
            }
        },
        "node_modules/@octokit/openapi-types": {
            "version": "25.1.0",
            "dev": true,
            "license": "MIT"
        },
        "node_modules/@octokit/openapi-webhooks-types": {
            "version": "11.0.0",
            "dev": true,
            "license": "MIT"
        },
        "node_modules/@octokit/plugin-paginate-graphql": {
            "version": "5.2.4",
            "dev": true,
            "license": "MIT",
            "engines": {
                "node": ">= 18"
            },
            "peerDependencies": {
                "@octokit/core": ">=6"
            }
        },
        "node_modules/@octokit/plugin-paginate-rest": {
            "version": "12.0.0",
            "dev": true,
            "license": "MIT",
            "dependencies": {
                "@octokit/types": "^14.0.0"
            },
            "engines": {
                "node": ">= 18"
            },
            "peerDependencies": {
                "@octokit/core": ">=6"
            }
        },
        "node_modules/@octokit/plugin-rest-endpoint-methods": {
            "version": "14.0.0",
            "dev": true,
            "license": "MIT",
            "dependencies": {
                "@octokit/types": "^14.0.0"
            },
            "engines": {
                "node": ">= 18"
            },
            "peerDependencies": {
                "@octokit/core": ">=6"
            }
        },
        "node_modules/@octokit/plugin-retry": {
            "version": "7.2.1",
            "dev": true,
            "license": "MIT",
            "dependencies": {
                "@octokit/request-error": "^6.1.8",
                "@octokit/types": "^14.0.0",
                "bottleneck": "^2.15.3"
            },
            "engines": {
                "node": ">= 18"
            },
            "peerDependencies": {
                "@octokit/core": ">=6"
            }
        },
        "node_modules/@octokit/plugin-throttling": {
            "version": "10.0.0",
            "dev": true,
            "license": "MIT",
            "dependencies": {
                "@octokit/types": "^14.0.0",
                "bottleneck": "^2.15.3"
            },
            "engines": {
                "node": ">= 18"
            },
            "peerDependencies": {
                "@octokit/core": "^6.1.3"
            }
        },
        "node_modules/@octokit/request": {
            "version": "9.2.4",
            "dev": true,
            "license": "MIT",
            "dependencies": {
                "@octokit/endpoint": "^10.1.4",
                "@octokit/request-error": "^6.1.8",
                "@octokit/types": "^14.0.0",
                "fast-content-type-parse": "^2.0.0",
                "universal-user-agent": "^7.0.2"
            },
            "engines": {
                "node": ">= 18"
            }
        },
        "node_modules/@octokit/request-error": {
            "version": "6.1.8",
            "dev": true,
            "license": "MIT",
            "dependencies": {
                "@octokit/types": "^14.0.0"
            },
            "engines": {
                "node": ">= 18"
            }
        },
        "node_modules/@octokit/types": {
            "version": "14.1.0",
            "dev": true,
            "license": "MIT",
            "dependencies": {
                "@octokit/openapi-types": "^25.1.0"
            }
        },
        "node_modules/@octokit/webhooks": {
            "version": "13.9.1",
            "dev": true,
            "license": "MIT",
            "dependencies": {
                "@octokit/openapi-webhooks-types": "11.0.0",
                "@octokit/request-error": "^6.1.7",
                "@octokit/webhooks-methods": "^5.1.1"
            },
            "engines": {
                "node": ">= 18"
            }
        },
        "node_modules/@octokit/webhooks-methods": {
            "version": "5.1.1",
            "dev": true,
            "license": "MIT",
            "engines": {
                "node": ">= 18"
            }
        },
        "node_modules/@samchon/openapi": {
            "version": "2.5.3",
            "dev": true,
            "license": "MIT"
        },
        "node_modules/@types/aws-lambda": {
            "version": "8.10.152",
            "dev": true,
            "license": "MIT"
        },
        "node_modules/@types/bun": {
            "version": "1.2.19",
            "resolved": "https://registry.npmjs.org/@types/bun/-/bun-1.2.19.tgz",
            "integrity": "sha512-d9ZCmrH3CJ2uYKXQIUuZ/pUnTqIvLDS0SK7pFmbx8ma+ziH/FRMoAq5bYpRG7y+w1gl+HgyNZbtqgMq4W4e2Lg==",
            "dev": true,
            "dependencies": {
                "bun-types": "1.2.19"
            }
        },
        "node_modules/@types/node": {
            "version": "24.1.0",
            "dev": true,
            "license": "MIT",
            "dependencies": {
                "undici-types": "~7.8.0"
            }
        },
        "node_modules/@types/react": {
            "version": "19.1.9",
            "dev": true,
            "license": "MIT",
            "peer": true,
            "dependencies": {
                "csstype": "^3.0.2"
            }
        },
        "node_modules/ansi-escapes": {
            "version": "4.3.2",
            "dev": true,
            "license": "MIT",
            "dependencies": {
                "type-fest": "^0.21.3"
            },
            "engines": {
                "node": ">=8"
            },
            "funding": {
                "url": "https://github.com/sponsors/sindresorhus"
            }
        },
        "node_modules/ansi-regex": {
            "version": "5.0.1",
            "dev": true,
            "license": "MIT",
            "engines": {
                "node": ">=8"
            }
        },
        "node_modules/ansi-styles": {
            "version": "4.3.0",
            "dev": true,
            "license": "MIT",
            "dependencies": {
                "color-convert": "^2.0.1"
            },
            "engines": {
                "node": ">=8"
            },
            "funding": {
                "url": "https://github.com/chalk/ansi-styles?sponsor=1"
            }
        },
        "node_modules/array-timsort": {
            "version": "1.0.3",
            "dev": true,
            "license": "MIT"
        },
        "node_modules/base64-js": {
            "version": "1.5.1",
            "dev": true,
            "funding": [
                {
                    "type": "github",
                    "url": "https://github.com/sponsors/feross"
                },
                {
                    "type": "patreon",
                    "url": "https://www.patreon.com/feross"
                },
                {
                    "type": "consulting",
                    "url": "https://feross.org/support"
                }
            ],
            "license": "MIT"
        },
        "node_modules/before-after-hook": {
            "version": "3.0.2",
            "dev": true,
            "license": "Apache-2.0"
        },
        "node_modules/bl": {
            "version": "4.1.0",
            "dev": true,
            "license": "MIT",
            "dependencies": {
                "buffer": "^5.5.0",
                "inherits": "^2.0.4",
                "readable-stream": "^3.4.0"
            }
        },
        "node_modules/bottleneck": {
            "version": "2.19.5",
            "dev": true,
            "license": "MIT"
        },
        "node_modules/buffer": {
            "version": "5.7.1",
            "dev": true,
            "funding": [
                {
                    "type": "github",
                    "url": "https://github.com/sponsors/feross"
                },
                {
                    "type": "patreon",
                    "url": "https://www.patreon.com/feross"
                },
                {
                    "type": "consulting",
                    "url": "https://feross.org/support"
                }
            ],
            "license": "MIT",
            "dependencies": {
                "base64-js": "^1.3.1",
                "ieee754": "^1.1.13"
            }
        },
        "node_modules/bun-types": {
            "version": "1.2.19",
            "dev": true,
            "license": "MIT",
            "dependencies": {
                "@types/node": "*"
            },
            "peerDependencies": {
                "@types/react": "^19"
            }
        },
        "node_modules/chalk": {
            "version": "4.1.2",
            "dev": true,
            "license": "MIT",
            "dependencies": {
                "ansi-styles": "^4.1.0",
                "supports-color": "^7.1.0"
            },
            "engines": {
                "node": ">=10"
            },
            "funding": {
                "url": "https://github.com/chalk/chalk?sponsor=1"
            }
        },
        "node_modules/chardet": {
            "version": "0.7.0",
            "dev": true,
            "license": "MIT"
        },
        "node_modules/cli-cursor": {
            "version": "3.1.0",
            "dev": true,
            "license": "MIT",
            "dependencies": {
                "restore-cursor": "^3.1.0"
            },
            "engines": {
                "node": ">=8"
            }
        },
        "node_modules/cli-spinners": {
            "version": "2.9.2",
            "dev": true,
            "license": "MIT",
            "engines": {
                "node": ">=6"
            },
            "funding": {
                "url": "https://github.com/sponsors/sindresorhus"
            }
        },
        "node_modules/cli-width": {
            "version": "3.0.0",
            "dev": true,
            "license": "ISC",
            "engines": {
                "node": ">= 10"
            }
        },
        "node_modules/clone": {
            "version": "1.0.4",
            "dev": true,
            "license": "MIT",
            "engines": {
                "node": ">=0.8"
            }
        },
        "node_modules/color-convert": {
            "version": "2.0.1",
            "dev": true,
            "license": "MIT",
            "dependencies": {
                "color-name": "~1.1.4"
            },
            "engines": {
                "node": ">=7.0.0"
            }
        },
        "node_modules/color-name": {
            "version": "1.1.4",
            "dev": true,
            "license": "MIT"
        },
        "node_modules/commander": {
            "version": "13.1.0",
            "dev": true,
            "license": "MIT",
            "engines": {
                "node": ">=18"
            }
        },
        "node_modules/comment-json": {
            "version": "4.2.5",
            "dev": true,
            "license": "MIT",
            "dependencies": {
                "array-timsort": "^1.0.3",
                "core-util-is": "^1.0.3",
                "esprima": "^4.0.1",
                "has-own-prop": "^2.0.0",
                "repeat-string": "^1.6.1"
            },
            "engines": {
                "node": ">= 6"
            }
        },
        "node_modules/core-util-is": {
            "version": "1.0.3",
            "dev": true,
            "license": "MIT"
        },
        "node_modules/csstype": {
            "version": "3.1.3",
            "dev": true,
            "license": "MIT",
            "peer": true
        },
        "node_modules/defaults": {
            "version": "1.0.4",
            "dev": true,
            "license": "MIT",
            "dependencies": {
                "clone": "^1.0.2"
            },
            "funding": {
                "url": "https://github.com/sponsors/sindresorhus"
            }
        },
        "node_modules/drange": {
            "version": "1.1.1",
            "dev": true,
            "license": "MIT",
            "engines": {
                "node": ">=4"
            }
        },
        "node_modules/emoji-regex": {
            "version": "8.0.0",
            "dev": true,
            "license": "MIT"
        },
        "node_modules/escape-string-regexp": {
            "version": "1.0.5",
            "dev": true,
            "license": "MIT",
            "engines": {
                "node": ">=0.8.0"
            }
        },
        "node_modules/esprima": {
            "version": "4.0.1",
            "dev": true,
            "license": "BSD-2-Clause",
            "bin": {
                "esparse": "bin/esparse.js",
                "esvalidate": "bin/esvalidate.js"
            },
            "engines": {
                "node": ">=4"
            }
        },
        "node_modules/eventemitter3": {
            "version": "5.0.1",
            "dev": true,
            "license": "MIT"
        },
        "node_modules/external-editor": {
            "version": "3.1.0",
            "dev": true,
            "license": "MIT",
            "dependencies": {
                "chardet": "^0.7.0",
                "iconv-lite": "^0.4.24",
                "tmp": "^0.0.33"
            },
            "engines": {
                "node": ">=4"
            }
        },
        "node_modules/fast-content-type-parse": {
            "version": "2.0.1",
            "dev": true,
            "funding": [
                {
                    "type": "github",
                    "url": "https://github.com/sponsors/fastify"
                },
                {
                    "type": "opencollective",
                    "url": "https://opencollective.com/fastify"
                }
            ],
            "license": "MIT"
        },
        "node_modules/fetch-retry": {
            "version": "6.0.0",
            "dev": true,
            "license": "MIT"
        },
        "node_modules/figures": {
            "version": "3.2.0",
            "dev": true,
            "license": "MIT",
            "dependencies": {
                "escape-string-regexp": "^1.0.5"
            },
            "engines": {
                "node": ">=8"
            },
            "funding": {
                "url": "https://github.com/sponsors/sindresorhus"
            }
        },
        "node_modules/handlebars": {
            "version": "4.7.8",
            "dev": true,
            "license": "MIT",
            "dependencies": {
                "minimist": "^1.2.5",
                "neo-async": "^2.6.2",
                "source-map": "^0.6.1",
                "wordwrap": "^1.0.0"
            },
            "bin": {
                "handlebars": "bin/handlebars"
            },
            "engines": {
                "node": ">=0.4.7"
            },
            "optionalDependencies": {
                "uglify-js": "^3.1.4"
            }
        },
        "node_modules/has-flag": {
            "version": "4.0.0",
            "dev": true,
            "license": "MIT",
            "engines": {
                "node": ">=8"
            }
        },
        "node_modules/has-own-prop": {
            "version": "2.0.0",
            "dev": true,
            "license": "MIT",
            "engines": {
                "node": ">=8"
            }
        },
        "node_modules/iconv-lite": {
            "version": "0.4.24",
            "dev": true,
            "license": "MIT",
            "dependencies": {
                "safer-buffer": ">= 2.1.2 < 3"
            },
            "engines": {
                "node": ">=0.10.0"
            }
        },
        "node_modules/ieee754": {
            "version": "1.2.1",
            "dev": true,
            "funding": [
                {
                    "type": "github",
                    "url": "https://github.com/sponsors/feross"
                },
                {
                    "type": "patreon",
                    "url": "https://www.patreon.com/feross"
                },
                {
                    "type": "consulting",
                    "url": "https://feross.org/support"
                }
            ],
            "license": "BSD-3-Clause"
        },
        "node_modules/image-size": {
            "version": "1.2.1",
            "dev": true,
            "license": "MIT",
            "dependencies": {
                "queue": "6.0.2"
            },
            "bin": {
                "image-size": "bin/image-size.js"
            },
            "engines": {
                "node": ">=16.x"
            }
        },
        "node_modules/inherits": {
            "version": "2.0.4",
            "dev": true,
            "license": "ISC"
        },
        "node_modules/inquirer": {
            "version": "8.2.6",
            "dev": true,
            "license": "MIT",
            "dependencies": {
                "ansi-escapes": "^4.2.1",
                "chalk": "^4.1.1",
                "cli-cursor": "^3.1.0",
                "cli-width": "^3.0.0",
                "external-editor": "^3.0.3",
                "figures": "^3.0.0",
                "lodash": "^4.17.21",
                "mute-stream": "0.0.8",
                "ora": "^5.4.1",
                "run-async": "^2.4.0",
                "rxjs": "^7.5.5",
                "string-width": "^4.1.0",
                "strip-ansi": "^6.0.0",
                "through": "^2.3.6",
                "wrap-ansi": "^6.0.1"
            },
            "engines": {
                "node": ">=12.0.0"
            }
        },
        "node_modules/is-fullwidth-code-point": {
            "version": "3.0.0",
            "dev": true,
            "license": "MIT",
            "engines": {
                "node": ">=8"
            }
        },
        "node_modules/is-interactive": {
            "version": "1.0.0",
            "dev": true,
            "license": "MIT",
            "engines": {
                "node": ">=8"
            }
        },
        "node_modules/is-unicode-supported": {
            "version": "0.1.0",
            "dev": true,
            "license": "MIT",
            "engines": {
                "node": ">=10"
            },
            "funding": {
                "url": "https://github.com/sponsors/sindresorhus"
            }
        },
        "node_modules/lodash": {
            "version": "4.17.21",
            "dev": true,
            "license": "MIT"
        },
        "node_modules/log-symbols": {
            "version": "4.1.0",
            "dev": true,
            "license": "MIT",
            "dependencies": {
                "chalk": "^4.1.0",
                "is-unicode-supported": "^0.1.0"
            },
            "engines": {
                "node": ">=10"
            },
            "funding": {
                "url": "https://github.com/sponsors/sindresorhus"
            }
        },
        "node_modules/mimic-fn": {
            "version": "2.1.0",
            "dev": true,
            "license": "MIT",
            "engines": {
                "node": ">=6"
            }
        },
        "node_modules/minimist": {
            "version": "1.2.8",
            "dev": true,
            "license": "MIT",
            "funding": {
                "url": "https://github.com/sponsors/ljharb"
            }
        },
        "node_modules/mute-stream": {
            "version": "0.0.8",
            "dev": true,
            "license": "ISC"
        },
        "node_modules/neo-async": {
            "version": "2.6.2",
            "dev": true,
            "license": "MIT"
        },
        "node_modules/octokit": {
            "version": "4.1.4",
            "dev": true,
            "license": "MIT",
            "dependencies": {
                "@octokit/app": "^15.1.6",
                "@octokit/core": "^6.1.5",
                "@octokit/oauth-app": "^7.1.6",
                "@octokit/plugin-paginate-graphql": "^5.2.4",
                "@octokit/plugin-paginate-rest": "^12.0.0",
                "@octokit/plugin-rest-endpoint-methods": "^14.0.0",
                "@octokit/plugin-retry": "^7.2.1",
                "@octokit/plugin-throttling": "^10.0.0",
                "@octokit/request-error": "^6.1.8",
                "@octokit/types": "^14.0.0",
                "@octokit/webhooks": "^13.8.3"
            },
            "engines": {
                "node": ">= 18"
            }
        },
        "node_modules/onetime": {
            "version": "5.1.2",
            "dev": true,
            "license": "MIT",
            "dependencies": {
                "mimic-fn": "^2.1.0"
            },
            "engines": {
                "node": ">=6"
            },
            "funding": {
                "url": "https://github.com/sponsors/sindresorhus"
            }
        },
        "node_modules/ora": {
            "version": "5.4.1",
            "dev": true,
            "license": "MIT",
            "dependencies": {
                "bl": "^4.1.0",
                "chalk": "^4.1.0",
                "cli-cursor": "^3.1.0",
                "cli-spinners": "^2.5.0",
                "is-interactive": "^1.0.0",
                "is-unicode-supported": "^0.1.0",
                "log-symbols": "^4.1.0",
                "strip-ansi": "^6.0.0",
                "wcwidth": "^1.0.1"
            },
            "engines": {
                "node": ">=10"
            },
            "funding": {
                "url": "https://github.com/sponsors/sindresorhus"
            }
        },
        "node_modules/os-tmpdir": {
            "version": "1.0.2",
            "dev": true,
            "license": "MIT",
            "engines": {
                "node": ">=0.10.0"
            }
        },
        "node_modules/p-queue": {
            "version": "8.1.0",
            "dev": true,
            "license": "MIT",
            "dependencies": {
                "eventemitter3": "^5.0.1",
                "p-timeout": "^6.1.2"
            },
            "engines": {
                "node": ">=18"
            },
            "funding": {
                "url": "https://github.com/sponsors/sindresorhus"
            }
        },
        "node_modules/p-timeout": {
            "version": "6.1.4",
            "dev": true,
            "license": "MIT",
            "engines": {
                "node": ">=14.16"
            },
            "funding": {
                "url": "https://github.com/sponsors/sindresorhus"
            }
        },
        "node_modules/package-manager-detector": {
            "version": "0.2.11",
            "dev": true,
            "license": "MIT",
            "dependencies": {
                "quansync": "^0.2.7"
            }
        },
        "node_modules/quansync": {
            "version": "0.2.10",
            "dev": true,
            "funding": [
                {
                    "type": "individual",
                    "url": "https://github.com/sponsors/antfu"
                },
                {
                    "type": "individual",
                    "url": "https://github.com/sponsors/sxzz"
                }
            ],
            "license": "MIT"
        },
        "node_modules/queue": {
            "version": "6.0.2",
            "dev": true,
            "license": "MIT",
            "dependencies": {
                "inherits": "~2.0.3"
            }
        },
        "node_modules/randexp": {
            "version": "0.5.3",
            "dev": true,
            "license": "MIT",
            "dependencies": {
                "drange": "^1.0.2",
                "ret": "^0.2.0"
            },
            "engines": {
                "node": ">=4"
            }
        },
        "node_modules/readable-stream": {
            "version": "3.6.2",
            "dev": true,
            "license": "MIT",
            "dependencies": {
                "inherits": "^2.0.3",
                "string_decoder": "^1.1.1",
                "util-deprecate": "^1.0.1"
            },
            "engines": {
                "node": ">= 6"
            }
        },
        "node_modules/repeat-string": {
            "version": "1.6.1",
            "dev": true,
            "license": "MIT",
            "engines": {
                "node": ">=0.10"
            }
        },
        "node_modules/restore-cursor": {
            "version": "3.1.0",
            "dev": true,
            "license": "MIT",
            "dependencies": {
                "onetime": "^5.1.0",
                "signal-exit": "^3.0.2"
            },
            "engines": {
                "node": ">=8"
            }
        },
        "node_modules/ret": {
            "version": "0.2.2",
            "dev": true,
            "license": "MIT",
            "engines": {
                "node": ">=4"
            }
        },
        "node_modules/run-async": {
            "version": "2.4.1",
            "dev": true,
            "license": "MIT",
            "engines": {
                "node": ">=0.12.0"
            }
        },
        "node_modules/rxjs": {
            "version": "7.8.2",
            "dev": true,
            "license": "Apache-2.0",
            "dependencies": {
                "tslib": "^2.1.0"
            }
        },
        "node_modules/safe-buffer": {
            "version": "5.2.1",
            "dev": true,
            "funding": [
                {
                    "type": "github",
                    "url": "https://github.com/sponsors/feross"
                },
                {
                    "type": "patreon",
                    "url": "https://www.patreon.com/feross"
                },
                {
                    "type": "consulting",
                    "url": "https://feross.org/support"
                }
            ],
            "license": "MIT"
        },
        "node_modules/safer-buffer": {
            "version": "2.1.2",
            "dev": true,
            "license": "MIT"
        },
        "node_modules/semver": {
            "version": "7.7.2",
            "dev": true,
            "license": "ISC",
            "bin": {
                "semver": "bin/semver.js"
            },
            "engines": {
                "node": ">=10"
            }
        },
        "node_modules/signal-exit": {
            "version": "3.0.7",
            "dev": true,
            "license": "ISC"
        },
        "node_modules/source-map": {
            "version": "0.6.1",
            "dev": true,
            "license": "BSD-3-Clause",
            "engines": {
                "node": ">=0.10.0"
            }
        },
        "node_modules/string_decoder": {
            "version": "1.3.0",
            "dev": true,
            "license": "MIT",
            "dependencies": {
                "safe-buffer": "~5.2.0"
            }
        },
        "node_modules/string-width": {
            "version": "4.2.3",
            "dev": true,
            "license": "MIT",
            "dependencies": {
                "emoji-regex": "^8.0.0",
                "is-fullwidth-code-point": "^3.0.0",
                "strip-ansi": "^6.0.1"
            },
            "engines": {
                "node": ">=8"
            }
        },
        "node_modules/strip-ansi": {
            "version": "6.0.1",
            "dev": true,
            "license": "MIT",
            "dependencies": {
                "ansi-regex": "^5.0.1"
            },
            "engines": {
                "node": ">=8"
            }
        },
        "node_modules/supports-color": {
            "version": "7.2.0",
            "dev": true,
            "license": "MIT",
            "dependencies": {
                "has-flag": "^4.0.0"
            },
            "engines": {
                "node": ">=8"
            }
        },
        "node_modules/through": {
            "version": "2.3.8",
            "dev": true,
            "license": "MIT"
        },
        "node_modules/tmp": {
            "version": "0.0.33",
            "dev": true,
            "license": "MIT",
            "dependencies": {
                "os-tmpdir": "~1.0.2"
            },
            "engines": {
                "node": ">=0.6.0"
            }
        },
        "node_modules/toad-cache": {
            "version": "3.7.0",
            "dev": true,
            "license": "MIT",
            "engines": {
                "node": ">=12"
            }
        },
        "node_modules/tslib": {
            "version": "2.8.1",
            "dev": true,
            "license": "0BSD"
        },
        "node_modules/type-fest": {
            "version": "0.21.3",
            "dev": true,
            "license": "(MIT OR CC0-1.0)",
            "engines": {
                "node": ">=10"
            },
            "funding": {
                "url": "https://github.com/sponsors/sindresorhus"
            }
        },
        "node_modules/typescript": {
            "version": "5.7.3",
            "resolved": "https://registry.npmjs.org/typescript/-/typescript-5.7.3.tgz",
            "integrity": "sha512-84MVSjMEHP+FQRPy3pX9sTVV/INIex71s9TL2Gm5FG/WG1SqXeKyZ0k7/blY/4FdOzI12CBy1vGc4og/eus0fw==",
            "peer": true,
            "bin": {
                "tsc": "bin/tsc",
                "tsserver": "bin/tsserver"
            },
            "engines": {
                "node": ">=14.17"
            }
        },
        "node_modules/typia": {
            "version": "7.6.4",
            "dev": true,
            "license": "MIT",
            "dependencies": {
                "@samchon/openapi": "^2.4.2",
                "commander": "^10.0.0",
                "comment-json": "^4.2.3",
                "inquirer": "^8.2.5",
                "package-manager-detector": "^0.2.0",
                "randexp": "^0.5.3"
            },
            "bin": {
                "typia": "lib/executable/typia.js"
            },
            "peerDependencies": {
                "@samchon/openapi": ">=2.4.2 <3.0.0",
                "typescript": ">=4.8.0 <5.8.0"
            }
        },
        "node_modules/typia/node_modules/commander": {
            "version": "10.0.1",
            "dev": true,
            "license": "MIT",
            "engines": {
                "node": ">=14"
            }
        },
        "node_modules/uglify-js": {
            "version": "3.19.3",
            "dev": true,
            "license": "BSD-2-Clause",
            "optional": true,
            "bin": {
                "uglifyjs": "bin/uglifyjs"
            },
            "engines": {
                "node": ">=0.8.0"
            }
        },
        "node_modules/undici-types": {
            "version": "7.8.0",
            "dev": true,
            "license": "MIT"
        },
        "node_modules/universal-github-app-jwt": {
            "version": "2.2.2",
            "dev": true,
            "license": "MIT"
        },
        "node_modules/universal-user-agent": {
            "version": "7.0.3",
            "dev": true,
            "license": "ISC"
        },
        "node_modules/util-deprecate": {
            "version": "1.0.2",
            "dev": true,
            "license": "MIT"
        },
        "node_modules/vpm-listing-generator": {
            "version": "1.7.1",
            "dev": true,
            "license": "Zlib",
            "dependencies": {
                "fetch-retry": "^6.0.0",
                "p-queue": "^8.0.1",
                "typia": "^7.5.1"
            },
            "engines": {
                "node": ">=18"
            }
        },
        "node_modules/vpm-listing-site-generator": {
            "version": "1.3.2",
            "dev": true,
            "license": "Zlib",
            "dependencies": {
                "@commander-js/extra-typings": "^13.0.0",
                "commander": "^13.0.0",
                "handlebars": "^4.7.8",
                "image-size": "^1.2.0",
                "octokit": "^4.0.3",
                "semver": "^7.6.3",
                "vpm-listing-generator": "^1.7.1"
            },
            "bin": {
                "vpm-listing": "dist/bin/vpm-listing.js",
                "vpm-site": "dist/bin/vpm-site.js"
            }
        },
        "node_modules/wcwidth": {
            "version": "1.0.1",
            "dev": true,
            "license": "MIT",
            "dependencies": {
                "defaults": "^1.0.3"
            }
        },
        "node_modules/wordwrap": {
            "version": "1.0.0",
            "dev": true,
            "license": "MIT"
        },
        "node_modules/wrap-ansi": {
            "version": "6.2.0",
            "dev": true,
            "license": "MIT",
            "dependencies": {
                "ansi-styles": "^4.0.0",
                "string-width": "^4.1.0",
                "strip-ansi": "^6.0.0"
            },
            "engines": {
                "node": ">=8"
            }
        }
    }
}
